
Microsoft Visual Studio Solution File, Format Version 12.00
# Visual Studio Version 17
VisualStudioVersion = 17.12.35514.174
MinimumVisualStudioVersion = 10.0.40219.1
Project("{FAE04EC0-301F-11D3-BF4B-00C04F79EFBC}") = "DBLibrary", "DBLibrary\DBLibrary.csproj", "{AE486447-6C88-4535-A3C8-50A77444AE5E}"
EndProject
Project("{FAE04EC0-301F-11D3-BF4B-00C04F79EFBC}") = "NeNavredi", "NeNavredi\NeNavredi.csproj", "{09EE753A-AAD2-4766-8DA0-C4FA2EB356D7}"
EndProject
Project("{FAE04EC0-301F-11D3-BF4B-00C04F79EFBC}") = "API", "API\API.csproj", "{453A6E7B-E736-444A-8E2A-52C6F6173F04}"
EndProject
Project("{FAE04EC0-301F-11D3-BF4B-00C04F79EFBC}") = "VtoroeAPI", "VtoroeAPI\VtoroeAPI.csproj", "{73AA90F3-E734-472C-A25E-F5F0188753DC}"
EndProject
Global
	GlobalSection(SolutionConfigurationPlatforms) = preSolution
		Debug|Any CPU = Debug|Any CPU
		Release|Any CPU = Release|Any CPU
	EndGlobalSection
	GlobalSection(ProjectConfigurationPlatforms) = postSolution
		{AE486447-6C88-4535-A3C8-50A77444AE5E}.Debug|Any CPU.ActiveCfg = Debug|Any CPU
		{AE486447-6C88-4535-A3C8-50A77444AE5E}.Debug|Any CPU.Build.0 = Debug|Any CPU
		{AE486447-6C88-4535-A3C8-50A77444AE5E}.Release|Any CPU.ActiveCfg = Release|Any CPU
		{AE486447-6C88-4535-A3C8-50A77444AE5E}.Release|Any CPU.Build.0 = Release|Any CPU
		{09EE753A-AAD2-4766-8DA0-C4FA2EB356D7}.Debug|Any CPU.ActiveCfg = Debug|Any CPU
		{09EE753A-AAD2-4766-8DA0-C4FA2EB356D7}.Debug|Any CPU.Build.0 = Debug|Any CPU
		{09EE753A-AAD2-4766-8DA0-C4FA2EB356D7}.Release|Any CPU.ActiveCfg = Release|Any CPU
		{09EE753A-AAD2-4766-8DA0-C4FA2EB356D7}.Release|Any CPU.Build.0 = Release|Any CPU
		{453A6E7B-E736-444A-8E2A-52C6F6173F04}.Debug|Any CPU.ActiveCfg = Debug|Any CPU
		{453A6E7B-E736-444A-8E2A-52C6F6173F04}.Debug|Any CPU.Build.0 = Debug|Any CPU
		{453A6E7B-E736-444A-8E2A-52C6F6173F04}.Release|Any CPU.ActiveCfg = Release|Any CPU
		{453A6E7B-E736-444A-8E2A-52C6F6173F04}.Release|Any CPU.Build.0 = Release|Any CPU
		{73AA90F3-E734-472C-A25E-F5F0188753DC}.Debug|Any CPU.ActiveCfg = Debug|Any CPU
		{73AA90F3-E734-472C-A25E-F5F0188753DC}.Debug|Any CPU.Build.0 = Debug|Any CPU
		{73AA90F3-E734-472C-A25E-F5F0188753DC}.Release|Any CPU.ActiveCfg = Release|Any CPU
		{73AA90F3-E734-472C-A25E-F5F0188753DC}.Release|Any CPU.Build.0 = Release|Any CPU
	EndGlobalSection
	GlobalSection(SolutionProperties) = preSolution
		HideSolutionNode = FALSE
	EndGlobalSection
EndGlobal
